
Microsoft Visual Studio Solution File, Format Version 12.00
# Visual Studio Version 16
VisualStudioVersion = 16.0.31729.503
MinimumVisualStudioVersion = 10.0.40219.1
Project("{FAE04EC0-301F-11D3-BF4B-00C04F79EFBC}") = "Lecture 2 Project", "Lecture 2 Project.csproj", "{7644E5D3-3EBA-4E5C-8A26-6590E1CCFBDE}"
EndProject
Global
	GlobalSection(SolutionConfigurationPlatforms) = preSolution
		Debug|Any CPU = Debug|Any CPU
		Release|Any CPU = Release|Any CPU
	EndGlobalSection
	GlobalSection(ProjectConfigurationPlatforms) = postSolution
		{7644E5D3-3EBA-4E5C-8A26-6590E1CCFBDE}.Debug|Any CPU.ActiveCfg = Debug|Any CPU
		{7644E5D3-3EBA-4E5C-8A26-6590E1CCFBDE}.Debug|Any CPU.Build.0 = Debug|Any CPU
		{7644E5D3-3EBA-4E5C-8A26-6590E1CCFBDE}.Release|Any CPU.ActiveCfg = Release|Any CPU
		{7644E5D3-3EBA-4E5C-8A26-6590E1CCFBDE}.Release|Any CPU.Build.0 = Release|Any CPU
	EndGlobalSection
	GlobalSection(SolutionProperties) = preSolution
		HideSolutionNode = FALSE
	EndGlobalSection
	GlobalSection(ExtensibilityGlobals) = postSolution
		SolutionGuid = {8A499C6F-FE50-4BB5-B0AE-30DBEBCC55E5}
	EndGlobalSection
EndGlobal
